
Microsoft Visual Studio Solution File, Format Version 12.00
# Visual Studio 15
VisualStudioVersion = 15.0.28307.271
MinimumVisualStudioVersion = 10.0.40219.1
Project("{FAE04EC0-301F-11D3-BF4B-00C04F79EFBC}") = "Lab6_02", "Lab6_02\Lab6_02.csproj", "{234BC896-7A67-4247-A965-1882FB9C171E}"
EndProject
Global
	GlobalSection(SolutionConfigurationPlatforms) = preSolution
		Debug|Any CPU = Debug|Any CPU
		Release|Any CPU = Release|Any CPU
	EndGlobalSection
	GlobalSection(ProjectConfigurationPlatforms) = postSolution
		{234BC896-7A67-4247-A965-1882FB9C171E}.Debug|Any CPU.ActiveCfg = Debug|Any CPU
		{234BC896-7A67-4247-A965-1882FB9C171E}.Debug|Any CPU.Build.0 = Debug|Any CPU
		{234BC896-7A67-4247-A965-1882FB9C171E}.Release|Any CPU.ActiveCfg = Release|Any CPU
		{234BC896-7A67-4247-A965-1882FB9C171E}.Release|Any CPU.Build.0 = Release|Any CPU
	EndGlobalSection
	GlobalSection(SolutionProperties) = preSolution
		HideSolutionNode = FALSE
	EndGlobalSection
	GlobalSection(ExtensibilityGlobals) = postSolution
		SolutionGuid = {7961E4B4-F41E-4046-A720-D38B81D76B03}
	EndGlobalSection
EndGlobal
